// !$*UTF8*$!
{
	archiveVersion = 1;
	classes = {
	};
	objectVersion = 46;
	objects = {

/* Begin PBXBuildFile section */
		6823FBBB17E0CAF300611878 /* Foundation.framework in Frameworks */ = {isa = PBXBuildFile; fileRef = 6823FBBA17E0CAF300611878 /* Foundation.framework */; };
		6823FBBD17E0CAF300611878 /* CoreGraphics.framework in Frameworks */ = {isa = PBXBuildFile; fileRef = 6823FBBC17E0CAF300611878 /* CoreGraphics.framework */; };
		6823FBBF17E0CAF300611878 /* UIKit.framework in Frameworks */ = {isa = PBXBuildFile; fileRef = 6823FBBE17E0CAF300611878 /* UIKit.framework */; };
		6823FBC517E0CAF300611878 /* InfoPlist.strings in Resources */ = {isa = PBXBuildFile; fileRef = 6823FBC317E0CAF300611878 /* InfoPlist.strings */; };
		6823FBC717E0CAF300611878 /* main.m in Sources */ = {isa = PBXBuildFile; fileRef = 6823FBC617E0CAF300611878 /* main.m */; };
		6823FBCB17E0CAF300611878 /* CRAppDelegate.m in Sources */ = {isa = PBXBuildFile; fileRef = 6823FBCA17E0CAF300611878 /* CRAppDelegate.m */; };
		6823FBCD17E0CAF300611878 /* Images.xcassets in Resources */ = {isa = PBXBuildFile; fileRef = 6823FBCC17E0CAF300611878 /* Images.xcassets */; };
		6823FBD417E0CAF300611878 /* XCTest.framework in Frameworks */ = {isa = PBXBuildFile; fileRef = 6823FBD317E0CAF300611878 /* XCTest.framework */; };
		6823FBD517E0CAF300611878 /* Foundation.framework in Frameworks */ = {isa = PBXBuildFile; fileRef = 6823FBBA17E0CAF300611878 /* Foundation.framework */; };
		6823FBD617E0CAF300611878 /* UIKit.framework in Frameworks */ = {isa = PBXBuildFile; fileRef = 6823FBBE17E0CAF300611878 /* UIKit.framework */; };
		6823FBDE17E0CAF300611878 /* InfoPlist.strings in Resources */ = {isa = PBXBuildFile; fileRef = 6823FBDC17E0CAF300611878 /* InfoPlist.strings */; };
		6823FBE017E0CAF300611878 /* CriolloTests.m in Sources */ = {isa = PBXBuildFile; fileRef = 6823FBDF17E0CAF300611878 /* CriolloTests.m */; };
/* End PBXBuildFile section */

/* Begin PBXContainerItemProxy section */
		6823FBD717E0CAF300611878 /* PBXContainerItemProxy */ = {
			isa = PBXContainerItemProxy;
			containerPortal = 6823FBAF17E0CAF300611878 /* Project object */;
			proxyType = 1;
			remoteGlobalIDString = 6823FBB617E0CAF300611878;
			remoteInfo = Criollo;
		};
/* End PBXContainerItemProxy section */

/* Begin PBXFileReference section */
		6823FBB717E0CAF300611878 /* Criollo.app */ = {isa = PBXFileReference; explicitFileType = wrapper.application; includeInIndex = 0; path = Criollo.app; sourceTree = BUILT_PRODUCTS_DIR; };
		6823FBBA17E0CAF300611878 /* Foundation.framework */ = {isa = PBXFileReference; lastKnownFileType = wrapper.framework; name = Foundation.framework; path = System/Library/Frameworks/Foundation.framework; sourceTree = SDKROOT; };
		6823FBBC17E0CAF300611878 /* CoreGraphics.framework */ = {isa = PBXFileReference; lastKnownFileType = wrapper.framework; name = CoreGraphics.framework; path = System/Library/Frameworks/CoreGraphics.framework; sourceTree = SDKROOT; };
		6823FBBE17E0CAF300611878 /* UIKit.framework */ = {isa = PBXFileReference; lastKnownFileType = wrapper.framework; name = UIKit.framework; path = System/Library/Frameworks/UIKit.framework; sourceTree = SDKROOT; };
		6823FBC217E0CAF300611878 /* Criollo-Info.plist */ = {isa = PBXFileReference; lastKnownFileType = text.plist.xml; path = "Criollo-Info.plist"; sourceTree = "<group>"; };
		6823FBC417E0CAF300611878 /* en */ = {isa = PBXFileReference; lastKnownFileType = text.plist.strings; name = en; path = en.lproj/InfoPlist.strings; sourceTree = "<group>"; };
		6823FBC617E0CAF300611878 /* main.m */ = {isa = PBXFileReference; lastKnownFileType = sourcecode.c.objc; path = main.m; sourceTree = "<group>"; };
		6823FBC817E0CAF300611878 /* Criollo-Prefix.pch */ = {isa = PBXFileReference; lastKnownFileType = sourcecode.c.h; path = "Criollo-Prefix.pch"; sourceTree = "<group>"; };
		6823FBC917E0CAF300611878 /* CRAppDelegate.h */ = {isa = PBXFileReference; lastKnownFileType = sourcecode.c.h; path = CRAppDelegate.h; sourceTree = "<group>"; };
		6823FBCA17E0CAF300611878 /* CRAppDelegate.m */ = {isa = PBXFileReference; lastKnownFileType = sourcecode.c.objc; path = CRAppDelegate.m; sourceTree = "<group>"; };
		6823FBCC17E0CAF300611878 /* Images.xcassets */ = {isa = PBXFileReference; lastKnownFileType = folder.assetcatalog; path = Images.xcassets; sourceTree = "<group>"; };
		6823FBD217E0CAF300611878 /* CriolloTests.xctest */ = {isa = PBXFileReference; explicitFileType = wrapper.cfbundle; includeInIndex = 0; path = CriolloTests.xctest; sourceTree = BUILT_PRODUCTS_DIR; };
		6823FBD317E0CAF300611878 /* XCTest.framework */ = {isa = PBXFileReference; lastKnownFileType = wrapper.framework; name = XCTest.framework; path = Library/Frameworks/XCTest.framework; sourceTree = DEVELOPER_DIR; };
		6823FBDB17E0CAF300611878 /* CriolloTests-Info.plist */ = {isa = PBXFileReference; lastKnownFileType = text.plist.xml; path = "CriolloTests-Info.plist"; sourceTree = "<group>"; };
		6823FBDD17E0CAF300611878 /* en */ = {isa = PBXFileReference; lastKnownFileType = text.plist.strings; name = en; path = en.lproj/InfoPlist.strings; sourceTree = "<group>"; };
		6823FBDF17E0CAF300611878 /* CriolloTests.m */ = {isa = PBXFileReference; lastKnownFileType = sourcecode.c.objc; path = CriolloTests.m; sourceTree = "<group>"; };
/* End PBXFileReference section */

/* Begin PBXFrameworksBuildPhase section */
		6823FBB417E0CAF300611878 /* Frameworks */ = {
			isa = PBXFrameworksBuildPhase;
			buildActionMask = 2147483647;
			files = (
				6823FBBD17E0CAF300611878 /* CoreGraphics.framework in Frameworks */,
				6823FBBF17E0CAF300611878 /* UIKit.framework in Frameworks */,
				6823FBBB17E0CAF300611878 /* Foundation.framework in Frameworks */,
			);
			runOnlyForDeploymentPostprocessing = 0;
		};
		6823FBCF17E0CAF300611878 /* Frameworks */ = {
			isa = PBXFrameworksBuildPhase;
			buildActionMask = 2147483647;
			files = (
				6823FBD417E0CAF300611878 /* XCTest.framework in Frameworks */,
				6823FBD617E0CAF300611878 /* UIKit.framework in Frameworks */,
				6823FBD517E0CAF300611878 /* Foundation.framework in Frameworks */,
			);
			runOnlyForDeploymentPostprocessing = 0;
		};
/* End PBXFrameworksBuildPhase section */

/* Begin PBXGroup section */
		6823FBAE17E0CAF300611878 = {
			isa = PBXGroup;
			children = (
				6823FBC017E0CAF300611878 /* Criollo */,
				6823FBD917E0CAF300611878 /* CriolloTests */,
				6823FBB917E0CAF300611878 /* Frameworks */,
				6823FBB817E0CAF300611878 /* Products */,
			);
			sourceTree = "<group>";
		};
		6823FBB817E0CAF300611878 /* Products */ = {
			isa = PBXGroup;
			children = (
				6823FBB717E0CAF300611878 /* Criollo.app */,
				6823FBD217E0CAF300611878 /* CriolloTests.xctest */,
			);
			name = Products;
			sourceTree = "<group>";
		};
		6823FBB917E0CAF300611878 /* Frameworks */ = {
			isa = PBXGroup;
			children = (
				6823FBBA17E0CAF300611878 /* Foundation.framework */,
				6823FBBC17E0CAF300611878 /* CoreGraphics.framework */,
				6823FBBE17E0CAF300611878 /* UIKit.framework */,
				6823FBD317E0CAF300611878 /* XCTest.framework */,
			);
			name = Frameworks;
			sourceTree = "<group>";
		};
		6823FBC017E0CAF300611878 /* Criollo */ = {
			isa = PBXGroup;
			children = (
				6823FBC917E0CAF300611878 /* CRAppDelegate.h */,
				6823FBCA17E0CAF300611878 /* CRAppDelegate.m */,
				6823FBCC17E0CAF300611878 /* Images.xcassets */,
				6823FBC117E0CAF300611878 /* Supporting Files */,
			);
			path = Criollo;
			sourceTree = "<group>";
		};
		6823FBC117E0CAF300611878 /* Supporting Files */ = {
			isa = PBXGroup;
			children = (
				6823FBC217E0CAF300611878 /* Criollo-Info.plist */,
				6823FBC317E0CAF300611878 /* InfoPlist.strings */,
				6823FBC617E0CAF300611878 /* main.m */,
				6823FBC817E0CAF300611878 /* Criollo-Prefix.pch */,
			);
			name = "Supporting Files";
			sourceTree = "<group>";
		};
		6823FBD917E0CAF300611878 /* CriolloTests */ = {
			isa = PBXGroup;
			children = (
				6823FBDF17E0CAF300611878 /* CriolloTests.m */,
				6823FBDA17E0CAF300611878 /* Supporting Files */,
			);
			path = CriolloTests;
			sourceTree = "<group>";
		};
		6823FBDA17E0CAF300611878 /* Supporting Files */ = {
			isa = PBXGroup;
			children = (
				6823FBDB17E0CAF300611878 /* CriolloTests-Info.plist */,
				6823FBDC17E0CAF300611878 /* InfoPlist.strings */,
			);
			name = "Supporting Files";
			sourceTree = "<group>";
		};
/* End PBXGroup section */

/* Begin PBXNativeTarget section */
		6823FBB617E0CAF300611878 /* Criollo */ = {
			isa = PBXNativeTarget;
			buildConfigurationList = 6823FBE317E0CAF300611878 /* Build configuration list for PBXNativeTarget "Criollo" */;
			buildPhases = (
				6823FBB317E0CAF300611878 /* Sources */,
				6823FBB417E0CAF300611878 /* Frameworks */,
				6823FBB517E0CAF300611878 /* Resources */,
			);
			buildRules = (
			);
			dependencies = (
			);
			name = Criollo;
			productName = Criollo;
			productReference = 6823FBB717E0CAF300611878 /* Criollo.app */;
			productType = "com.apple.product-type.application";
		};
		6823FBD117E0CAF300611878 /* CriolloTests */ = {
			isa = PBXNativeTarget;
			buildConfigurationList = 6823FBE617E0CAF300611878 /* Build configuration list for PBXNativeTarget "CriolloTests" */;
			buildPhases = (
				6823FBCE17E0CAF300611878 /* Sources */,
				6823FBCF17E0CAF300611878 /* Frameworks */,
				6823FBD017E0CAF300611878 /* Resources */,
			);
			buildRules = (
			);
			dependencies = (
				6823FBD817E0CAF300611878 /* PBXTargetDependency */,
			);
			name = CriolloTests;
			productName = CriolloTests;
			productReference = 6823FBD217E0CAF300611878 /* CriolloTests.xctest */;
			productType = "com.apple.product-type.bundle.unit-test";
		};
/* End PBXNativeTarget section */

/* Begin PBXProject section */
		6823FBAF17E0CAF300611878 /* Project object */ = {
			isa = PBXProject;
			attributes = {
				CLASSPREFIX = CR;
				LastUpgradeCheck = 0500;
				ORGANIZATIONNAME = Sheva;
				TargetAttributes = {
					6823FBD117E0CAF300611878 = {
						TestTargetID = 6823FBB617E0CAF300611878;
					};
				};
			};
			buildConfigurationList = 6823FBB217E0CAF300611878 /* Build configuration list for PBXProject "Criollo" */;
			compatibilityVersion = "Xcode 3.2";
			developmentRegion = English;
			hasScannedForEncodings = 0;
			knownRegions = (
				en,
			);
			mainGroup = 6823FBAE17E0CAF300611878;
			productRefGroup = 6823FBB817E0CAF300611878 /* Products */;
			projectDirPath = "";
			projectRoot = "";
			targets = (
				6823FBB617E0CAF300611878 /* Criollo */,
				6823FBD117E0CAF300611878 /* CriolloTests */,
			);
		};
/* End PBXProject section */

/* Begin PBXResourcesBuildPhase section */
		6823FBB517E0CAF300611878 /* Resources */ = {
			isa = PBXResourcesBuildPhase;
			buildActionMask = 2147483647;
			files = (
				6823FBC517E0CAF300611878 /* InfoPlist.strings in Resources */,
				6823FBCD17E0CAF300611878 /* Images.xcassets in Resources */,
			);
			runOnlyForDeploymentPostprocessing = 0;
		};
		6823FBD017E0CAF300611878 /* Resources */ = {
			isa = PBXResourcesBuildPhase;
			buildActionMask = 2147483647;
			files = (
				6823FBDE17E0CAF300611878 /* InfoPlist.strings in Resources */,
			);
			runOnlyForDeploymentPostprocessing = 0;
		};
/* End PBXResourcesBuildPhase section */

/* Begin PBXSourcesBuildPhase section */
		6823FBB317E0CAF300611878 /* Sources */ = {
			isa = PBXSourcesBuildPhase;
			buildActionMask = 2147483647;
			files = (
				6823FBC717E0CAF300611878 /* main.m in Sources */,
				6823FBCB17E0CAF300611878 /* CRAppDelegate.m in Sources */,
			);
			runOnlyForDeploymentPostprocessing = 0;
		};
		6823FBCE17E0CAF300611878 /* Sources */ = {
			isa = PBXSourcesBuildPhase;
			buildActionMask = 2147483647;
			files = (
				6823FBE017E0CAF300611878 /* CriolloTests.m in Sources */,
			);
			runOnlyForDeploymentPostprocessing = 0;
		};
/* End PBXSourcesBuildPhase section */

/* Begin PBXTargetDependency section */
		6823FBD817E0CAF300611878 /* PBXTargetDependency */ = {
			isa = PBXTargetDependency;
			target = 6823FBB617E0CAF300611878 /* Criollo */;
			targetProxy = 6823FBD717E0CAF300611878 /* PBXContainerItemProxy */;
		};
/* End PBXTargetDependency section */

/* Begin PBXVariantGroup section */
		6823FBC317E0CAF300611878 /* InfoPlist.strings */ = {
			isa = PBXVariantGroup;
			children = (
				6823FBC417E0CAF300611878 /* en */,
			);
			name = InfoPlist.strings;
			sourceTree = "<group>";
		};
		6823FBDC17E0CAF300611878 /* InfoPlist.strings */ = {
			isa = PBXVariantGroup;
			children = (
				6823FBDD17E0CAF300611878 /* en */,
			);
			name = InfoPlist.strings;
			sourceTree = "<group>";
		};
/* End PBXVariantGroup section */

/* Begin XCBuildConfiguration section */
		6823FBE117E0CAF300611878 /* Debug */ = {
			isa = XCBuildConfiguration;
			buildSettings = {
				ALWAYS_SEARCH_USER_PATHS = NO;
				ARCHS = "$(ARCHS_STANDARD_INCLUDING_64_BIT)";
				CLANG_CXX_LANGUAGE_STANDARD = "gnu++0x";
				CLANG_CXX_LIBRARY = "libc++";
				CLANG_ENABLE_MODULES = YES;
				CLANG_ENABLE_OBJC_ARC = YES;
				CLANG_WARN_BOOL_CONVERSION = YES;
				CLANG_WARN_CONSTANT_CONVERSION = YES;
				CLANG_WARN_DIRECT_OBJC_ISA_USAGE = YES_ERROR;
				CLANG_WARN_EMPTY_BODY = YES;
				CLANG_WARN_ENUM_CONVERSION = YES;
				CLANG_WARN_INT_CONVERSION = YES;
				CLANG_WARN_OBJC_ROOT_CLASS = YES_ERROR;
				CLANG_WARN__DUPLICATE_METHOD_MATCH = YES;
				"CODE_SIGN_IDENTITY[sdk=iphoneos*]" = "iPhone Developer";
				COPY_PHASE_STRIP = NO;
				GCC_C_LANGUAGE_STANDARD = gnu99;
				GCC_DYNAMIC_NO_PIC = NO;
				GCC_OPTIMIZATION_LEVEL = 0;
				GCC_PREPROCESSOR_DEFINITIONS = (
					"DEBUG=1",
					"$(inherited)",
				);
				GCC_SYMBOLS_PRIVATE_EXTERN = NO;
				GCC_WARN_64_TO_32_BIT_CONVERSION = YES;
				GCC_WARN_ABOUT_RETURN_TYPE = YES_ERROR;
				GCC_WARN_UNDECLARED_SELECTOR = YES;
				GCC_WARN_UNINITIALIZED_AUTOS = YES;
				GCC_WARN_UNUSED_FUNCTION = YES;
				GCC_WARN_UNUSED_VARIABLE = YES;
				IPHONEOS_DEPLOYMENT_TARGET = 7.0;
				ONLY_ACTIVE_ARCH = YES;
				SDKROOT = iphoneos;
				TARGETED_DEVICE_FAMILY = "1,2";
			};
			name = Debug;
		};
		6823FBE217E0CAF300611878 /* Release */ = {
			isa = XCBuildConfiguration;
			buildSettings = {
				ALWAYS_SEARCH_USER_PATHS = NO;
				ARCHS = "$(ARCHS_STANDARD_INCLUDING_64_BIT)";
				CLANG_CXX_LANGUAGE_STANDARD = "gnu++0x";
				CLANG_CXX_LIBRARY = "libc++";
				CLANG_ENABLE_MODULES = YES;
				CLANG_ENABLE_OBJC_ARC = YES;
				CLANG_WARN_BOOL_CONVERSION = YES;
				CLANG_WARN_CONSTANT_CONVERSION = YES;
				CLANG_WARN_DIRECT_OBJC_ISA_USAGE = YES_ERROR;
				CLANG_WARN_EMPTY_BODY = YES;
				CLANG_WARN_ENUM_CONVERSION = YES;
				CLANG_WARN_INT_CONVERSION = YES;
				CLANG_WARN_OBJC_ROOT_CLASS = YES_ERROR;
				CLANG_WARN__DUPLICATE_METHOD_MATCH = YES;
				"CODE_SIGN_IDENTITY[sdk=iphoneos*]" = "iPhone Developer";
				COPY_PHASE_STRIP = YES;
				ENABLE_NS_ASSERTIONS = NO;
				GCC_C_LANGUAGE_STANDARD = gnu99;
				GCC_WARN_64_TO_32_BIT_CONVERSION = YES;
				GCC_WARN_ABOUT_RETURN_TYPE = YES_ERROR;
				GCC_WARN_UNDECLARED_SELECTOR = YES;
				GCC_WARN_UNINITIALIZED_AUTOS = YES;
				GCC_WARN_UNUSED_FUNCTION = YES;
				GCC_WARN_UNUSED_VARIABLE = YES;
				IPHONEOS_DEPLOYMENT_TARGET = 7.0;
				SDKROOT = iphoneos;
				TARGETED_DEVICE_FAMILY = "1,2";
				VALIDATE_PRODUCT = YES;
			};
			name = Release;
		};
		6823FBE417E0CAF300611878 /* Debug */ = {
			isa = XCBuildConfiguration;
			buildSettings = {
				ASSETCATALOG_COMPILER_APPICON_NAME = AppIcon;
				ASSETCATALOG_COMPILER_LAUNCHIMAGE_NAME = LaunchImage;
				GCC_PRECOMPILE_PREFIX_HEADER = YES;
				GCC_PREFIX_HEADER = "Criollo/Criollo-Prefix.pch";
				INFOPLIST_FILE = "Criollo/Criollo-Info.plist";
				PRODUCT_NAME = "$(TARGET_NAME)";
				WRAPPER_EXTENSION = app;
			};
			name = Debug;
		};
		6823FBE517E0CAF300611878 /* Release */ = {
			isa = XCBuildConfiguration;
			buildSettings = {
				ASSETCATALOG_COMPILER_APPICON_NAME = AppIcon;
				ASSETCATALOG_COMPILER_LAUNCHIMAGE_NAME = LaunchImage;
				GCC_PRECOMPILE_PREFIX_HEADER = YES;
				GCC_PREFIX_HEADER = "Criollo/Criollo-Prefix.pch";
				INFOPLIST_FILE = "Criollo/Criollo-Info.plist";
				PRODUCT_NAME = "$(TARGET_NAME)";
				WRAPPER_EXTENSION = app;
			};
			name = Release;
		};
		6823FBE717E0CAF300611878 /* Debug */ = {
			isa = XCBuildConfiguration;
			buildSettings = {
				ARCHS = "$(ARCHS_STANDARD_INCLUDING_64_BIT)";
				BUNDLE_LOADER = "$(BUILT_PRODUCTS_DIR)/Criollo.app/Criollo";
				FRAMEWORK_SEARCH_PATHS = (
					"$(SDKROOT)/Developer/Library/Frameworks",
					"$(inherited)",
					"$(DEVELOPER_FRAMEWORKS_DIR)",
				);
				GCC_PRECOMPILE_PREFIX_HEADER = YES;
				GCC_PREFIX_HEADER = "Criollo/Criollo-Prefix.pch";
				GCC_PREPROCESSOR_DEFINITIONS = (
					"DEBUG=1",
					"$(inherited)",
				);
				INFOPLIST_FILE = "CriolloTests/CriolloTests-Info.plist";
				PRODUCT_NAME = "$(TARGET_NAME)";
				TEST_HOST = "$(BUNDLE_LOADER)";
				WRAPPER_EXTENSION = xctest;
			};
			name = Debug;
		};
		6823FBE817E0CAF300611878 /* Release */ = {
			isa = XCBuildConfiguration;
			buildSettings = {
				ARCHS = "$(ARCHS_STANDARD_INCLUDING_64_BIT)";
				BUNDLE_LOADER = "$(BUILT_PRODUCTS_DIR)/Criollo.app/Criollo";
				FRAMEWORK_SEARCH_PATHS = (
					"$(SDKROOT)/Developer/Library/Frameworks",
					"$(inherited)",
					"$(DEVELOPER_FRAMEWORKS_DIR)",
				);
				GCC_PRECOMPILE_PREFIX_HEADER = YES;
				GCC_PREFIX_HEADER = "Criollo/Criollo-Prefix.pch";
				INFOPLIST_FILE = "CriolloTests/CriolloTests-Info.plist";
				PRODUCT_NAME = "$(TARGET_NAME)";
				TEST_HOST = "$(BUNDLE_LOADER)";
				WRAPPER_EXTENSION = xctest;
			};
			name = Release;
		};
/* End XCBuildConfiguration section */

/* Begin XCConfigurationList section */
		6823FBB217E0CAF300611878 /* Build configuration list for PBXProject "Criollo" */ = {
			isa = XCConfigurationList;
			buildConfigurations = (
				6823FBE117E0CAF300611878 /* Debug */,
				6823FBE217E0CAF300611878 /* Release */,
			);
			defaultConfigurationIsVisible = 0;
			defaultConfigurationName = Release;
		};
		6823FBE317E0CAF300611878 /* Build configuration list for PBXNativeTarget "Criollo" */ = {
			isa = XCConfigurationList;
			buildConfigurations = (
				6823FBE417E0CAF300611878 /* Debug */,
				6823FBE517E0CAF300611878 /* Release */,
			);
			defaultConfigurationIsVisible = 0;
		};
		6823FBE617E0CAF300611878 /* Build configuration list for PBXNativeTarget "CriolloTests" */ = {
			isa = XCConfigurationList;
			buildConfigurations = (
				6823FBE717E0CAF300611878 /* Debug */,
				6823FBE817E0CAF300611878 /* Release */,
			);
			defaultConfigurationIsVisible = 0;
		};
/* End XCConfigurationList section */
	};
	rootObject = 6823FBAF17E0CAF300611878 /* Project object */;
}
